
Microsoft Visual Studio Solution File, Format Version 12.00
# Visual Studio Version 17
VisualStudioVersion = 17.14.36301.6 d17.14
MinimumVisualStudioVersion = 10.0.40219.1
Project("{54A90642-561A-4BB1-A94E-469ADEE60C69}") = "Psalter2025", "Psalter2025\Psalter2025.esproj", "{21C93453-C7C1-3386-14C8-D0491136CCC4}"
EndProject
Global
	GlobalSection(SolutionConfigurationPlatforms) = preSolution
		Debug|Any CPU = Debug|Any CPU
		Release|Any CPU = Release|Any CPU
	EndGlobalSection
	GlobalSection(ProjectConfigurationPlatforms) = postSolution
		{21C93453-C7C1-3386-14C8-D0491136CCC4}.Debug|Any CPU.ActiveCfg = Debug|Any CPU
		{21C93453-C7C1-3386-14C8-D0491136CCC4}.Debug|Any CPU.Build.0 = Debug|Any CPU
		{21C93453-C7C1-3386-14C8-D0491136CCC4}.Debug|Any CPU.Deploy.0 = Debug|Any CPU
		{21C93453-C7C1-3386-14C8-D0491136CCC4}.Release|Any CPU.ActiveCfg = Release|Any CPU
		{21C93453-C7C1-3386-14C8-D0491136CCC4}.Release|Any CPU.Build.0 = Release|Any CPU
		{21C93453-C7C1-3386-14C8-D0491136CCC4}.Release|Any CPU.Deploy.0 = Release|Any CPU
	EndGlobalSection
	GlobalSection(SolutionProperties) = preSolution
		HideSolutionNode = FALSE
	EndGlobalSection
	GlobalSection(ExtensibilityGlobals) = postSolution
		SolutionGuid = {C551B16A-7CE0-4DA6-B4DA-46A7085A89DF}
	EndGlobalSection
EndGlobal
